// !$*UTF8*$!
{
	archiveVersion = 1;
	classes = {
	};
	objectVersion = 56;
	objects = {

/* Begin PBXBuildFile section */
		DD8570E22B46F725006B4E7B /* CatHarbImplementation.c in Sources */ = {isa = PBXBuildFile; fileRef = DD8570E12B46F725006B4E7B /* CatHarbImplementation.c */; };
		DD8BCFCA2B3ADDB100A93C48 /* GetAndInspectTerminalAgruments.c in Sources */ = {isa = PBXBuildFile; fileRef = DD8BCFC92B3ADDB100A93C48 /* GetAndInspectTerminalAgruments.c */; };
		DD8BCFCC2B3AE10A00A93C48 /* CurrentProject.c in Sources */ = {isa = PBXBuildFile; fileRef = DD8BCFCB2B3AE10A00A93C48 /* CurrentProject.c */; };
		DDA04A9F2B382E9700B71D5C /* main.c in Sources */ = {isa = PBXBuildFile; fileRef = DDA04A9E2B382E9700B71D5C /* main.c */; };
		DDA04AA62B383D2900B71D5C /* OpenFileAndPrint.c in Sources */ = {isa = PBXBuildFile; fileRef = DDA04AA52B383D2900B71D5C /* OpenFileAndPrint.c */; };
/* End PBXBuildFile section */

/* Begin PBXCopyFilesBuildPhase section */
		DDA04A992B382E9700B71D5C /* CopyFiles */ = {
			isa = PBXCopyFilesBuildPhase;
			buildActionMask = 2147483647;
			dstPath = /usr/share/man/man1/;
			dstSubfolderSpec = 0;
			files = (
			);
			runOnlyForDeploymentPostprocessing = 1;
		};
/* End PBXCopyFilesBuildPhase section */

/* Begin PBXFileReference section */
		DD8570E12B46F725006B4E7B /* CatHarbImplementation.c */ = {isa = PBXFileReference; lastKnownFileType = sourcecode.c.c; path = CatHarbImplementation.c; sourceTree = "<group>"; };
		DD8BCFC92B3ADDB100A93C48 /* GetAndInspectTerminalAgruments.c */ = {isa = PBXFileReference; lastKnownFileType = sourcecode.c.c; path = GetAndInspectTerminalAgruments.c; sourceTree = "<group>"; };
		DD8BCFCB2B3AE10A00A93C48 /* CurrentProject.c */ = {isa = PBXFileReference; lastKnownFileType = sourcecode.c.c; path = CurrentProject.c; sourceTree = "<group>"; };
		DDA04A9B2B382E9700B71D5C /* File_Manage */ = {isa = PBXFileReference; explicitFileType = "compiled.mach-o.executable"; includeInIndex = 0; path = File_Manage; sourceTree = BUILT_PRODUCTS_DIR; };
		DDA04A9E2B382E9700B71D5C /* main.c */ = {isa = PBXFileReference; lastKnownFileType = sourcecode.c.c; path = main.c; sourceTree = "<group>"; };
		DDA04AA52B383D2900B71D5C /* OpenFileAndPrint.c */ = {isa = PBXFileReference; lastKnownFileType = sourcecode.c.c; path = OpenFileAndPrint.c; sourceTree = "<group>"; };
/* End PBXFileReference section */

/* Begin PBXFrameworksBuildPhase section */
		DDA04A982B382E9700B71D5C /* Frameworks */ = {
			isa = PBXFrameworksBuildPhase;
			buildActionMask = 2147483647;
			files = (
			);
			runOnlyForDeploymentPostprocessing = 0;
		};
/* End PBXFrameworksBuildPhase section */

/* Begin PBXGroup section */
		DDA04A922B382E9700B71D5C = {
			isa = PBXGroup;
			children = (
				DDA04A9D2B382E9700B71D5C /* File_Manage */,
				DDA04A9C2B382E9700B71D5C /* Products */,
			);
			sourceTree = "<group>";
		};
		DDA04A9C2B382E9700B71D5C /* Products */ = {
			isa = PBXGroup;
			children = (
				DDA04A9B2B382E9700B71D5C /* File_Manage */,
			);
			name = Products;
			sourceTree = "<group>";
		};
		DDA04A9D2B382E9700B71D5C /* File_Manage */ = {
			isa = PBXGroup;
			children = (
				DDA04A9E2B382E9700B71D5C /* main.c */,
				DDA04AA52B383D2900B71D5C /* OpenFileAndPrint.c */,
				DD8BCFC92B3ADDB100A93C48 /* GetAndInspectTerminalAgruments.c */,
				DD8BCFCB2B3AE10A00A93C48 /* CurrentProject.c */,
				DD8570E12B46F725006B4E7B /* CatHarbImplementation.c */,
			);
			path = File_Manage;
			sourceTree = "<group>";
		};
/* End PBXGroup section */

/* Begin PBXNativeTarget section */
		DDA04A9A2B382E9700B71D5C /* File_Manage */ = {
			isa = PBXNativeTarget;
			buildConfigurationList = DDA04AA22B382E9700B71D5C /* Build configuration list for PBXNativeTarget "File_Manage" */;
			buildPhases = (
				DDA04A972B382E9700B71D5C /* Sources */,
				DDA04A982B382E9700B71D5C /* Frameworks */,
				DDA04A992B382E9700B71D5C /* CopyFiles */,
			);
			buildRules = (
			);
			dependencies = (
			);
			name = File_Manage;
			productName = File_Manage;
			productReference = DDA04A9B2B382E9700B71D5C /* File_Manage */;
			productType = "com.apple.product-type.tool";
		};
/* End PBXNativeTarget section */

/* Begin PBXProject section */
		DDA04A932B382E9700B71D5C /* Project object */ = {
			isa = PBXProject;
			attributes = {
				BuildIndependentTargetsInParallel = 1;
				LastUpgradeCheck = 1420;
				TargetAttributes = {
					DDA04A9A2B382E9700B71D5C = {
						CreatedOnToolsVersion = 14.2;
					};
				};
			};
			buildConfigurationList = DDA04A962B382E9700B71D5C /* Build configuration list for PBXProject "File_Manage" */;
			compatibilityVersion = "Xcode 14.0";
			developmentRegion = en;
			hasScannedForEncodings = 0;
			knownRegions = (
				en,
				Base,
			);
			mainGroup = DDA04A922B382E9700B71D5C;
			productRefGroup = DDA04A9C2B382E9700B71D5C /* Products */;
			projectDirPath = "";
			projectRoot = "";
			targets = (
				DDA04A9A2B382E9700B71D5C /* File_Manage */,
			);
		};
/* End PBXProject section */

/* Begin PBXSourcesBuildPhase section */
		DDA04A972B382E9700B71D5C /* Sources */ = {
			isa = PBXSourcesBuildPhase;
			buildActionMask = 2147483647;
			files = (
				DD8570E22B46F725006B4E7B /* CatHarbImplementation.c in Sources */,
				DD8BCFCA2B3ADDB100A93C48 /* GetAndInspectTerminalAgruments.c in Sources */,
				DDA04A9F2B382E9700B71D5C /* main.c in Sources */,
				DDA04AA62B383D2900B71D5C /* OpenFileAndPrint.c in Sources */,
				DD8BCFCC2B3AE10A00A93C48 /* CurrentProject.c in Sources */,
			);
			runOnlyForDeploymentPostprocessing = 0;
		};
/* End PBXSourcesBuildPhase section */

/* Begin XCBuildConfiguration section */
		DDA04AA02B382E9700B71D5C /* Debug */ = {
			isa = XCBuildConfiguration;
			buildSettings = {
				ALWAYS_SEARCH_USER_PATHS = NO;
				CLANG_ANALYZER_NONNULL = YES;
				CLANG_ANALYZER_NUMBER_OBJECT_CONVERSION = YES_AGGRESSIVE;
				CLANG_CXX_LANGUAGE_STANDARD = "gnu++20";
				CLANG_ENABLE_MODULES = YES;
				CLANG_ENABLE_OBJC_ARC = YES;
				CLANG_ENABLE_OBJC_WEAK = YES;
				CLANG_WARN_BLOCK_CAPTURE_AUTORELEASING = YES;
				CLANG_WARN_BOOL_CONVERSION = YES;
				CLANG_WARN_COMMA = YES;
				CLANG_WARN_CONSTANT_CONVERSION = YES;
				CLANG_WARN_DEPRECATED_OBJC_IMPLEMENTATIONS = YES;
				CLANG_WARN_DIRECT_OBJC_ISA_USAGE = YES_ERROR;
				CLANG_WARN_DOCUMENTATION_COMMENTS = YES;
				CLANG_WARN_EMPTY_BODY = YES;
				CLANG_WARN_ENUM_CONVERSION = YES;
				CLANG_WARN_INFINITE_RECURSION = YES;
				CLANG_WARN_INT_CONVERSION = YES;
				CLANG_WARN_NON_LITERAL_NULL_CONVERSION = YES;
				CLANG_WARN_OBJC_IMPLICIT_RETAIN_SELF = YES;
				CLANG_WARN_OBJC_LITERAL_CONVERSION = YES;
				CLANG_WARN_OBJC_ROOT_CLASS = YES_ERROR;
				CLANG_WARN_QUOTED_INCLUDE_IN_FRAMEWORK_HEADER = YES;
				CLANG_WARN_RANGE_LOOP_ANALYSIS = YES;
				CLANG_WARN_STRICT_PROTOTYPES = YES;
				CLANG_WARN_SUSPICIOUS_MOVE = YES;
				CLANG_WARN_UNGUARDED_AVAILABILITY = YES_AGGRESSIVE;
				CLANG_WARN_UNREACHABLE_CODE = YES;
				CLANG_WARN__DUPLICATE_METHOD_MATCH = YES;
				COPY_PHASE_STRIP = NO;
				DEBUG_INFORMATION_FORMAT = dwarf;
				ENABLE_STRICT_OBJC_MSGSEND = YES;
				ENABLE_TESTABILITY = YES;
				GCC_C_LANGUAGE_STANDARD = gnu11;
				GCC_DYNAMIC_NO_PIC = NO;
				GCC_NO_COMMON_BLOCKS = YES;
				GCC_OPTIMIZATION_LEVEL = 0;
				GCC_PREPROCESSOR_DEFINITIONS = (
					"DEBUG=1",
					"$(inherited)",
				);
				GCC_WARN_64_TO_32_BIT_CONVERSION = YES;
				GCC_WARN_ABOUT_RETURN_TYPE = YES_ERROR;
				GCC_WARN_UNDECLARED_SELECTOR = YES;
				GCC_WARN_UNINITIALIZED_AUTOS = YES_AGGRESSIVE;
				GCC_WARN_UNUSED_FUNCTION = YES;
				GCC_WARN_UNUSED_VARIABLE = YES;
				MACOSX_DEPLOYMENT_TARGET = 12.6;
				MTL_ENABLE_DEBUG_INFO = INCLUDE_SOURCE;
				MTL_FAST_MATH = YES;
				ONLY_ACTIVE_ARCH = YES;
				SDKROOT = macosx;
			};
			name = Debug;
		};
		DDA04AA12B382E9700B71D5C /* Release */ = {
			isa = XCBuildConfiguration;
			buildSettings = {
				ALWAYS_SEARCH_USER_PATHS = NO;
				CLANG_ANALYZER_NONNULL = YES;
				CLANG_ANALYZER_NUMBER_OBJECT_CONVERSION = YES_AGGRESSIVE;
				CLANG_CXX_LANGUAGE_STANDARD = "gnu++20";
				CLANG_ENABLE_MODULES = YES;
				CLANG_ENABLE_OBJC_ARC = YES;
				CLANG_ENABLE_OBJC_WEAK = YES;
				CLANG_WARN_BLOCK_CAPTURE_AUTORELEASING = YES;
				CLANG_WARN_BOOL_CONVERSION = YES;
				CLANG_WARN_COMMA = YES;
				CLANG_WARN_CONSTANT_CONVERSION = YES;
				CLANG_WARN_DEPRECATED_OBJC_IMPLEMENTATIONS = YES;
				CLANG_WARN_DIRECT_OBJC_ISA_USAGE = YES_ERROR;
				CLANG_WARN_DOCUMENTATION_COMMENTS = YES;
				CLANG_WARN_EMPTY_BODY = YES;
				CLANG_WARN_ENUM_CONVERSION = YES;
				CLANG_WARN_INFINITE_RECURSION = YES;
				CLANG_WARN_INT_CONVERSION = YES;
				CLANG_WARN_NON_LITERAL_NULL_CONVERSION = YES;
				CLANG_WARN_OBJC_IMPLICIT_RETAIN_SELF = YES;
				CLANG_WARN_OBJC_LITERAL_CONVERSION = YES;
				CLANG_WARN_OBJC_ROOT_CLASS = YES_ERROR;
				CLANG_WARN_QUOTED_INCLUDE_IN_FRAMEWORK_HEADER = YES;
				CLANG_WARN_RANGE_LOOP_ANALYSIS = YES;
				CLANG_WARN_STRICT_PROTOTYPES = YES;
				CLANG_WARN_SUSPICIOUS_MOVE = YES;
				CLANG_WARN_UNGUARDED_AVAILABILITY = YES_AGGRESSIVE;
				CLANG_WARN_UNREACHABLE_CODE = YES;
				CLANG_WARN__DUPLICATE_METHOD_MATCH = YES;
				COPY_PHASE_STRIP = NO;
				DEBUG_INFORMATION_FORMAT = "dwarf-with-dsym";
				ENABLE_NS_ASSERTIONS = NO;
				ENABLE_STRICT_OBJC_MSGSEND = YES;
				GCC_C_LANGUAGE_STANDARD = gnu11;
				GCC_NO_COMMON_BLOCKS = YES;
				GCC_WARN_64_TO_32_BIT_CONVERSION = YES;
				GCC_WARN_ABOUT_RETURN_TYPE = YES_ERROR;
				GCC_WARN_UNDECLARED_SELECTOR = YES;
				GCC_WARN_UNINITIALIZED_AUTOS = YES_AGGRESSIVE;
				GCC_WARN_UNUSED_FUNCTION = YES;
				GCC_WARN_UNUSED_VARIABLE = YES;
				MACOSX_DEPLOYMENT_TARGET = 12.6;
				MTL_ENABLE_DEBUG_INFO = NO;
				MTL_FAST_MATH = YES;
				SDKROOT = macosx;
			};
			name = Release;
		};
		DDA04AA32B382E9700B71D5C /* Debug */ = {
			isa = XCBuildConfiguration;
			buildSettings = {
				CODE_SIGN_STYLE = Automatic;
				DEVELOPMENT_TEAM = 7YW3V66545;
				ENABLE_HARDENED_RUNTIME = YES;
				PRODUCT_NAME = "$(TARGET_NAME)";
			};
			name = Debug;
		};
		DDA04AA42B382E9700B71D5C /* Release */ = {
			isa = XCBuildConfiguration;
			buildSettings = {
				CODE_SIGN_STYLE = Automatic;
				DEVELOPMENT_TEAM = 7YW3V66545;
				ENABLE_HARDENED_RUNTIME = YES;
				PRODUCT_NAME = "$(TARGET_NAME)";
			};
			name = Release;
		};
/* End XCBuildConfiguration section */

/* Begin XCConfigurationList section */
		DDA04A962B382E9700B71D5C /* Build configuration list for PBXProject "File_Manage" */ = {
			isa = XCConfigurationList;
			buildConfigurations = (
				DDA04AA02B382E9700B71D5C /* Debug */,
				DDA04AA12B382E9700B71D5C /* Release */,
			);
			defaultConfigurationIsVisible = 0;
			defaultConfigurationName = Release;
		};
		DDA04AA22B382E9700B71D5C /* Build configuration list for PBXNativeTarget "File_Manage" */ = {
			isa = XCConfigurationList;
			buildConfigurations = (
				DDA04AA32B382E9700B71D5C /* Debug */,
				DDA04AA42B382E9700B71D5C /* Release */,
			);
			defaultConfigurationIsVisible = 0;
			defaultConfigurationName = Release;
		};
/* End XCConfigurationList section */
	};
	rootObject = DDA04A932B382E9700B71D5C /* Project object */;
}
